// !$*UTF8*$!
{
	archiveVersion = 1;
	classes = {
	};
	objectVersion = 48;
	objects = {

/* Begin PBXBuildFile section */
		1A8B866120873E46001C8DA4 /* AppDelegate.swift in Sources */ = {isa = PBXBuildFile; fileRef = 1A8B866020873E46001C8DA4 /* AppDelegate.swift */; };
		1A8B866420873E46001C8DA4 /* Renderer.swift in Sources */ = {isa = PBXBuildFile; fileRef = 1A8B866320873E46001C8DA4 /* Renderer.swift */; };
		1A8B866620873E46001C8DA4 /* GameViewController.swift in Sources */ = {isa = PBXBuildFile; fileRef = 1A8B866520873E46001C8DA4 /* GameViewController.swift */; };
		1A8B866820873E46001C8DA4 /* Shaders.metal in Sources */ = {isa = PBXBuildFile; fileRef = 1A8B866720873E46001C8DA4 /* Shaders.metal */; };
		1A8B866B20873E46001C8DA4 /* Main.storyboard in Resources */ = {isa = PBXBuildFile; fileRef = 1A8B866920873E46001C8DA4 /* Main.storyboard */; };
		1A8B866D20873E46001C8DA4 /* Assets.xcassets in Resources */ = {isa = PBXBuildFile; fileRef = 1A8B866C20873E46001C8DA4 /* Assets.xcassets */; };
		1A8B867020873E46001C8DA4 /* LaunchScreen.storyboard in Resources */ = {isa = PBXBuildFile; fileRef = 1A8B866E20873E46001C8DA4 /* LaunchScreen.storyboard */; };
		1A8B867B20873E46001C8DA4 /* FSST_Project_2k18Tests.swift in Sources */ = {isa = PBXBuildFile; fileRef = 1A8B867A20873E46001C8DA4 /* FSST_Project_2k18Tests.swift */; };
		1A8B868620873E47001C8DA4 /* FSST_Project_2k18UITests.swift in Sources */ = {isa = PBXBuildFile; fileRef = 1A8B868520873E47001C8DA4 /* FSST_Project_2k18UITests.swift */; };
/* End PBXBuildFile section */

/* Begin PBXContainerItemProxy section */
		1A8B867720873E46001C8DA4 /* PBXContainerItemProxy */ = {
			isa = PBXContainerItemProxy;
			containerPortal = 1A8B865520873E46001C8DA4 /* Project object */;
			proxyType = 1;
			remoteGlobalIDString = 1A8B865C20873E46001C8DA4;
			remoteInfo = FSST_Project_2k18;
		};
		1A8B868220873E47001C8DA4 /* PBXContainerItemProxy */ = {
			isa = PBXContainerItemProxy;
			containerPortal = 1A8B865520873E46001C8DA4 /* Project object */;
			proxyType = 1;
			remoteGlobalIDString = 1A8B865C20873E46001C8DA4;
			remoteInfo = FSST_Project_2k18;
		};
/* End PBXContainerItemProxy section */

/* Begin PBXFileReference section */
		1A8B865D20873E46001C8DA4 /* FSST_Project_2k18.app */ = {isa = PBXFileReference; explicitFileType = wrapper.application; includeInIndex = 0; path = FSST_Project_2k18.app; sourceTree = BUILT_PRODUCTS_DIR; };
		1A8B866020873E46001C8DA4 /* AppDelegate.swift */ = {isa = PBXFileReference; lastKnownFileType = sourcecode.swift; path = AppDelegate.swift; sourceTree = "<group>"; };
		1A8B866220873E46001C8DA4 /* ShaderTypes.h */ = {isa = PBXFileReference; lastKnownFileType = sourcecode.c.h; path = ShaderTypes.h; sourceTree = "<group>"; };
		1A8B866320873E46001C8DA4 /* Renderer.swift */ = {isa = PBXFileReference; lastKnownFileType = sourcecode.swift; path = Renderer.swift; sourceTree = "<group>"; };
		1A8B866520873E46001C8DA4 /* GameViewController.swift */ = {isa = PBXFileReference; lastKnownFileType = sourcecode.swift; path = GameViewController.swift; sourceTree = "<group>"; };
		1A8B866720873E46001C8DA4 /* Shaders.metal */ = {isa = PBXFileReference; lastKnownFileType = sourcecode.metal; path = Shaders.metal; sourceTree = "<group>"; };
		1A8B866A20873E46001C8DA4 /* Base */ = {isa = PBXFileReference; lastKnownFileType = file.storyboard; name = Base; path = Base.lproj/Main.storyboard; sourceTree = "<group>"; };
		1A8B866C20873E46001C8DA4 /* Assets.xcassets */ = {isa = PBXFileReference; lastKnownFileType = folder.assetcatalog; path = Assets.xcassets; sourceTree = "<group>"; };
		1A8B866F20873E46001C8DA4 /* Base */ = {isa = PBXFileReference; lastKnownFileType = file.storyboard; name = Base; path = Base.lproj/LaunchScreen.storyboard; sourceTree = "<group>"; };
		1A8B867120873E46001C8DA4 /* Info.plist */ = {isa = PBXFileReference; lastKnownFileType = text.plist.xml; path = Info.plist; sourceTree = "<group>"; };
		1A8B867620873E46001C8DA4 /* FSST_Project_2k18Tests.xctest */ = {isa = PBXFileReference; explicitFileType = wrapper.cfbundle; includeInIndex = 0; path = FSST_Project_2k18Tests.xctest; sourceTree = BUILT_PRODUCTS_DIR; };
		1A8B867A20873E46001C8DA4 /* FSST_Project_2k18Tests.swift */ = {isa = PBXFileReference; lastKnownFileType = sourcecode.swift; path = FSST_Project_2k18Tests.swift; sourceTree = "<group>"; };
		1A8B867C20873E47001C8DA4 /* Info.plist */ = {isa = PBXFileReference; lastKnownFileType = text.plist.xml; path = Info.plist; sourceTree = "<group>"; };
		1A8B868120873E47001C8DA4 /* FSST_Project_2k18UITests.xctest */ = {isa = PBXFileReference; explicitFileType = wrapper.cfbundle; includeInIndex = 0; path = FSST_Project_2k18UITests.xctest; sourceTree = BUILT_PRODUCTS_DIR; };
		1A8B868520873E47001C8DA4 /* FSST_Project_2k18UITests.swift */ = {isa = PBXFileReference; lastKnownFileType = sourcecode.swift; path = FSST_Project_2k18UITests.swift; sourceTree = "<group>"; };
		1A8B868720873E47001C8DA4 /* Info.plist */ = {isa = PBXFileReference; lastKnownFileType = text.plist.xml; path = Info.plist; sourceTree = "<group>"; };
/* End PBXFileReference section */

/* Begin PBXFrameworksBuildPhase section */
		1A8B865A20873E46001C8DA4 /* Frameworks */ = {
			isa = PBXFrameworksBuildPhase;
			buildActionMask = 2147483647;
			files = (
			);
			runOnlyForDeploymentPostprocessing = 0;
		};
		1A8B867320873E46001C8DA4 /* Frameworks */ = {
			isa = PBXFrameworksBuildPhase;
			buildActionMask = 2147483647;
			files = (
			);
			runOnlyForDeploymentPostprocessing = 0;
		};
		1A8B867E20873E47001C8DA4 /* Frameworks */ = {
			isa = PBXFrameworksBuildPhase;
			buildActionMask = 2147483647;
			files = (
			);
			runOnlyForDeploymentPostprocessing = 0;
		};
/* End PBXFrameworksBuildPhase section */

/* Begin PBXGroup section */
		1A8B865420873E46001C8DA4 = {
			isa = PBXGroup;
			children = (
				1A8B865F20873E46001C8DA4 /* FSST_Project_2k18 */,
				1A8B867920873E46001C8DA4 /* FSST_Project_2k18Tests */,
				1A8B868420873E47001C8DA4 /* FSST_Project_2k18UITests */,
				1A8B865E20873E46001C8DA4 /* Products */,
			);
			sourceTree = "<group>";
		};
		1A8B865E20873E46001C8DA4 /* Products */ = {
			isa = PBXGroup;
			children = (
				1A8B865D20873E46001C8DA4 /* FSST_Project_2k18.app */,
				1A8B867620873E46001C8DA4 /* FSST_Project_2k18Tests.xctest */,
				1A8B868120873E47001C8DA4 /* FSST_Project_2k18UITests.xctest */,
			);
			name = Products;
			sourceTree = "<group>";
		};
		1A8B865F20873E46001C8DA4 /* FSST_Project_2k18 */ = {
			isa = PBXGroup;
			children = (
				1A8B866020873E46001C8DA4 /* AppDelegate.swift */,
				1A8B866220873E46001C8DA4 /* ShaderTypes.h */,
				1A8B866320873E46001C8DA4 /* Renderer.swift */,
				1A8B866520873E46001C8DA4 /* GameViewController.swift */,
				1A8B866720873E46001C8DA4 /* Shaders.metal */,
				1A8B866920873E46001C8DA4 /* Main.storyboard */,
				1A8B866C20873E46001C8DA4 /* Assets.xcassets */,
				1A8B866E20873E46001C8DA4 /* LaunchScreen.storyboard */,
				1A8B867120873E46001C8DA4 /* Info.plist */,
			);
			path = FSST_Project_2k18;
			sourceTree = "<group>";
		};
		1A8B867920873E46001C8DA4 /* FSST_Project_2k18Tests */ = {
			isa = PBXGroup;
			children = (
				1A8B867A20873E46001C8DA4 /* FSST_Project_2k18Tests.swift */,
				1A8B867C20873E47001C8DA4 /* Info.plist */,
			);
			path = FSST_Project_2k18Tests;
			sourceTree = "<group>";
		};
		1A8B868420873E47001C8DA4 /* FSST_Project_2k18UITests */ = {
			isa = PBXGroup;
			children = (
				1A8B868520873E47001C8DA4 /* FSST_Project_2k18UITests.swift */,
				1A8B868720873E47001C8DA4 /* Info.plist */,
			);
			path = FSST_Project_2k18UITests;
			sourceTree = "<group>";
		};
/* End PBXGroup section */

/* Begin PBXNativeTarget section */
		1A8B865C20873E46001C8DA4 /* FSST_Project_2k18 */ = {
			isa = PBXNativeTarget;
			buildConfigurationList = 1A8B868A20873E47001C8DA4 /* Build configuration list for PBXNativeTarget "FSST_Project_2k18" */;
			buildPhases = (
				1A8B865920873E46001C8DA4 /* Sources */,
				1A8B865A20873E46001C8DA4 /* Frameworks */,
				1A8B865B20873E46001C8DA4 /* Resources */,
			);
			buildRules = (
			);
			dependencies = (
			);
			name = FSST_Project_2k18;
			productName = FSST_Project_2k18;
			productReference = 1A8B865D20873E46001C8DA4 /* FSST_Project_2k18.app */;
			productType = "com.apple.product-type.application";
		};
		1A8B867520873E46001C8DA4 /* FSST_Project_2k18Tests */ = {
			isa = PBXNativeTarget;
			buildConfigurationList = 1A8B868D20873E47001C8DA4 /* Build configuration list for PBXNativeTarget "FSST_Project_2k18Tests" */;
			buildPhases = (
				1A8B867220873E46001C8DA4 /* Sources */,
				1A8B867320873E46001C8DA4 /* Frameworks */,
				1A8B867420873E46001C8DA4 /* Resources */,
			);
			buildRules = (
			);
			dependencies = (
				1A8B867820873E46001C8DA4 /* PBXTargetDependency */,
			);
			name = FSST_Project_2k18Tests;
			productName = FSST_Project_2k18Tests;
			productReference = 1A8B867620873E46001C8DA4 /* FSST_Project_2k18Tests.xctest */;
			productType = "com.apple.product-type.bundle.unit-test";
		};
		1A8B868020873E47001C8DA4 /* FSST_Project_2k18UITests */ = {
			isa = PBXNativeTarget;
			buildConfigurationList = 1A8B869020873E47001C8DA4 /* Build configuration list for PBXNativeTarget "FSST_Project_2k18UITests" */;
			buildPhases = (
				1A8B867D20873E47001C8DA4 /* Sources */,
				1A8B867E20873E47001C8DA4 /* Frameworks */,
				1A8B867F20873E47001C8DA4 /* Resources */,
			);
			buildRules = (
			);
			dependencies = (
				1A8B868320873E47001C8DA4 /* PBXTargetDependency */,
			);
			name = FSST_Project_2k18UITests;
			productName = FSST_Project_2k18UITests;
			productReference = 1A8B868120873E47001C8DA4 /* FSST_Project_2k18UITests.xctest */;
			productType = "com.apple.product-type.bundle.ui-testing";
		};
/* End PBXNativeTarget section */

/* Begin PBXProject section */
		1A8B865520873E46001C8DA4 /* Project object */ = {
			isa = PBXProject;
			attributes = {
				LastSwiftUpdateCheck = 0920;
				LastUpgradeCheck = 0920;
				ORGANIZATIONNAME = "Peter Schöppl";
				TargetAttributes = {
					1A8B865C20873E46001C8DA4 = {
						CreatedOnToolsVersion = 9.2;
						ProvisioningStyle = Automatic;
					};
					1A8B867520873E46001C8DA4 = {
						CreatedOnToolsVersion = 9.2;
						ProvisioningStyle = Automatic;
						TestTargetID = 1A8B865C20873E46001C8DA4;
					};
					1A8B868020873E47001C8DA4 = {
						CreatedOnToolsVersion = 9.2;
						ProvisioningStyle = Automatic;
						TestTargetID = 1A8B865C20873E46001C8DA4;
					};
				};
			};
			buildConfigurationList = 1A8B865820873E46001C8DA4 /* Build configuration list for PBXProject "FSST_Project_2k18" */;
			compatibilityVersion = "Xcode 8.0";
			developmentRegion = en;
			hasScannedForEncodings = 0;
			knownRegions = (
				en,
				Base,
			);
			mainGroup = 1A8B865420873E46001C8DA4;
			productRefGroup = 1A8B865E20873E46001C8DA4 /* Products */;
			projectDirPath = "";
			projectRoot = "";
			targets = (
				1A8B865C20873E46001C8DA4 /* FSST_Project_2k18 */,
				1A8B867520873E46001C8DA4 /* FSST_Project_2k18Tests */,
				1A8B868020873E47001C8DA4 /* FSST_Project_2k18UITests */,
			);
		};
/* End PBXProject section */

/* Begin PBXResourcesBuildPhase section */
		1A8B865B20873E46001C8DA4 /* Resources */ = {
			isa = PBXResourcesBuildPhase;
			buildActionMask = 2147483647;
			files = (
				1A8B867020873E46001C8DA4 /* LaunchScreen.storyboard in Resources */,
				1A8B866D20873E46001C8DA4 /* Assets.xcassets in Resources */,
				1A8B866B20873E46001C8DA4 /* Main.storyboard in Resources */,
			);
			runOnlyForDeploymentPostprocessing = 0;
		};
		1A8B867420873E46001C8DA4 /* Resources */ = {
			isa = PBXResourcesBuildPhase;
			buildActionMask = 2147483647;
			files = (
			);
			runOnlyForDeploymentPostprocessing = 0;
		};
		1A8B867F20873E47001C8DA4 /* Resources */ = {
			isa = PBXResourcesBuildPhase;
			buildActionMask = 2147483647;
			files = (
			);
			runOnlyForDeploymentPostprocessing = 0;
		};
/* End PBXResourcesBuildPhase section */

/* Begin PBXSourcesBuildPhase section */
		1A8B865920873E46001C8DA4 /* Sources */ = {
			isa = PBXSourcesBuildPhase;
			buildActionMask = 2147483647;
			files = (
				1A8B866820873E46001C8DA4 /* Shaders.metal in Sources */,
				1A8B866420873E46001C8DA4 /* Renderer.swift in Sources */,
				1A8B866620873E46001C8DA4 /* GameViewController.swift in Sources */,
				1A8B866120873E46001C8DA4 /* AppDelegate.swift in Sources */,
			);
			runOnlyForDeploymentPostprocessing = 0;
		};
		1A8B867220873E46001C8DA4 /* Sources */ = {
			isa = PBXSourcesBuildPhase;
			buildActionMask = 2147483647;
			files = (
				1A8B867B20873E46001C8DA4 /* FSST_Project_2k18Tests.swift in Sources */,
			);
			runOnlyForDeploymentPostprocessing = 0;
		};
		1A8B867D20873E47001C8DA4 /* Sources */ = {
			isa = PBXSourcesBuildPhase;
			buildActionMask = 2147483647;
			files = (
				1A8B868620873E47001C8DA4 /* FSST_Project_2k18UITests.swift in Sources */,
			);
			runOnlyForDeploymentPostprocessing = 0;
		};
/* End PBXSourcesBuildPhase section */

/* Begin PBXTargetDependency section */
		1A8B867820873E46001C8DA4 /* PBXTargetDependency */ = {
			isa = PBXTargetDependency;
			target = 1A8B865C20873E46001C8DA4 /* FSST_Project_2k18 */;
			targetProxy = 1A8B867720873E46001C8DA4 /* PBXContainerItemProxy */;
		};
		1A8B868320873E47001C8DA4 /* PBXTargetDependency */ = {
			isa = PBXTargetDependency;
			target = 1A8B865C20873E46001C8DA4 /* FSST_Project_2k18 */;
			targetProxy = 1A8B868220873E47001C8DA4 /* PBXContainerItemProxy */;
		};
/* End PBXTargetDependency section */

/* Begin PBXVariantGroup section */
		1A8B866920873E46001C8DA4 /* Main.storyboard */ = {
			isa = PBXVariantGroup;
			children = (
				1A8B866A20873E46001C8DA4 /* Base */,
			);
			name = Main.storyboard;
			sourceTree = "<group>";
		};
		1A8B866E20873E46001C8DA4 /* LaunchScreen.storyboard */ = {
			isa = PBXVariantGroup;
			children = (
				1A8B866F20873E46001C8DA4 /* Base */,
			);
			name = LaunchScreen.storyboard;
			sourceTree = "<group>";
		};
/* End PBXVariantGroup section */

/* Begin XCBuildConfiguration section */
		1A8B868820873E47001C8DA4 /* Debug */ = {
			isa = XCBuildConfiguration;
			buildSettings = {
				ALWAYS_SEARCH_USER_PATHS = NO;
				CLANG_ANALYZER_NONNULL = YES;
				CLANG_ANALYZER_NUMBER_OBJECT_CONVERSION = YES_AGGRESSIVE;
				CLANG_CXX_LANGUAGE_STANDARD = "gnu++14";
				CLANG_CXX_LIBRARY = "libc++";
				CLANG_ENABLE_MODULES = YES;
				CLANG_ENABLE_OBJC_ARC = YES;
				CLANG_WARN_BLOCK_CAPTURE_AUTORELEASING = YES;
				CLANG_WARN_BOOL_CONVERSION = YES;
				CLANG_WARN_COMMA = YES;
				CLANG_WARN_CONSTANT_CONVERSION = YES;
				CLANG_WARN_DIRECT_OBJC_ISA_USAGE = YES_ERROR;
				CLANG_WARN_DOCUMENTATION_COMMENTS = YES;
				CLANG_WARN_EMPTY_BODY = YES;
				CLANG_WARN_ENUM_CONVERSION = YES;
				CLANG_WARN_INFINITE_RECURSION = YES;
				CLANG_WARN_INT_CONVERSION = YES;
				CLANG_WARN_NON_LITERAL_NULL_CONVERSION = YES;
				CLANG_WARN_OBJC_LITERAL_CONVERSION = YES;
				CLANG_WARN_OBJC_ROOT_CLASS = YES_ERROR;
				CLANG_WARN_RANGE_LOOP_ANALYSIS = YES;
				CLANG_WARN_STRICT_PROTOTYPES = YES;
				CLANG_WARN_SUSPICIOUS_MOVE = YES;
				CLANG_WARN_UNGUARDED_AVAILABILITY = YES_AGGRESSIVE;
				CLANG_WARN_UNREACHABLE_CODE = YES;
				CLANG_WARN__DUPLICATE_METHOD_MATCH = YES;
				CODE_SIGN_IDENTITY = "iPhone Developer";
				COPY_PHASE_STRIP = NO;
				DEBUG_INFORMATION_FORMAT = dwarf;
				ENABLE_STRICT_OBJC_MSGSEND = YES;
				ENABLE_TESTABILITY = YES;
				GCC_C_LANGUAGE_STANDARD = gnu11;
				GCC_DYNAMIC_NO_PIC = NO;
				GCC_NO_COMMON_BLOCKS = YES;
				GCC_OPTIMIZATION_LEVEL = 0;
				GCC_PREPROCESSOR_DEFINITIONS = (
					"DEBUG=1",
					"$(inherited)",
				);
				GCC_WARN_64_TO_32_BIT_CONVERSION = YES;
				GCC_WARN_ABOUT_RETURN_TYPE = YES_ERROR;
				GCC_WARN_UNDECLARED_SELECTOR = YES;
				GCC_WARN_UNINITIALIZED_AUTOS = YES_AGGRESSIVE;
				GCC_WARN_UNUSED_FUNCTION = YES;
				GCC_WARN_UNUSED_VARIABLE = YES;
				IPHONEOS_DEPLOYMENT_TARGET = 11.2;
				MTL_ENABLE_DEBUG_INFO = YES;
				ONLY_ACTIVE_ARCH = YES;
				SDKROOT = iphoneos;
				SWIFT_ACTIVE_COMPILATION_CONDITIONS = DEBUG;
				SWIFT_OPTIMIZATION_LEVEL = "-Onone";
			};
			name = Debug;
		};
		1A8B868920873E47001C8DA4 /* Release */ = {
			isa = XCBuildConfiguration;
			buildSettings = {
				ALWAYS_SEARCH_USER_PATHS = NO;
				CLANG_ANALYZER_NONNULL = YES;
				CLANG_ANALYZER_NUMBER_OBJECT_CONVERSION = YES_AGGRESSIVE;
				CLANG_CXX_LANGUAGE_STANDARD = "gnu++14";
				CLANG_CXX_LIBRARY = "libc++";
				CLANG_ENABLE_MODULES = YES;
				CLANG_ENABLE_OBJC_ARC = YES;
				CLANG_WARN_BLOCK_CAPTURE_AUTORELEASING = YES;
				CLANG_WARN_BOOL_CONVERSION = YES;
				CLANG_WARN_COMMA = YES;
				CLANG_WARN_CONSTANT_CONVERSION = YES;
				CLANG_WARN_DIRECT_OBJC_ISA_USAGE = YES_ERROR;
				CLANG_WARN_DOCUMENTATION_COMMENTS = YES;
				CLANG_WARN_EMPTY_BODY = YES;
				CLANG_WARN_ENUM_CONVERSION = YES;
				CLANG_WARN_INFINITE_RECURSION = YES;
				CLANG_WARN_INT_CONVERSION = YES;
				CLANG_WARN_NON_LITERAL_NULL_CONVERSION = YES;
				CLANG_WARN_OBJC_LITERAL_CONVERSION = YES;
				CLANG_WARN_OBJC_ROOT_CLASS = YES_ERROR;
				CLANG_WARN_RANGE_LOOP_ANALYSIS = YES;
				CLANG_WARN_STRICT_PROTOTYPES = YES;
				CLANG_WARN_SUSPICIOUS_MOVE = YES;
				CLANG_WARN_UNGUARDED_AVAILABILITY = YES_AGGRESSIVE;
				CLANG_WARN_UNREACHABLE_CODE = YES;
				CLANG_WARN__DUPLICATE_METHOD_MATCH = YES;
				CODE_SIGN_IDENTITY = "iPhone Developer";
				COPY_PHASE_STRIP = NO;
				DEBUG_INFORMATION_FORMAT = "dwarf-with-dsym";
				ENABLE_NS_ASSERTIONS = NO;
				ENABLE_STRICT_OBJC_MSGSEND = YES;
				GCC_C_LANGUAGE_STANDARD = gnu11;
				GCC_NO_COMMON_BLOCKS = YES;
				GCC_WARN_64_TO_32_BIT_CONVERSION = YES;
				GCC_WARN_ABOUT_RETURN_TYPE = YES_ERROR;
				GCC_WARN_UNDECLARED_SELECTOR = YES;
				GCC_WARN_UNINITIALIZED_AUTOS = YES_AGGRESSIVE;
				GCC_WARN_UNUSED_FUNCTION = YES;
				GCC_WARN_UNUSED_VARIABLE = YES;
				IPHONEOS_DEPLOYMENT_TARGET = 11.2;
				MTL_ENABLE_DEBUG_INFO = NO;
				SDKROOT = iphoneos;
				SWIFT_OPTIMIZATION_LEVEL = "-Owholemodule";
				VALIDATE_PRODUCT = YES;
			};
			name = Release;
		};
		1A8B868B20873E47001C8DA4 /* Debug */ = {
			isa = XCBuildConfiguration;
			buildSettings = {
				ASSETCATALOG_COMPILER_APPICON_NAME = AppIcon;
				CODE_SIGN_STYLE = Automatic;
				DEVELOPMENT_TEAM = CK7XS52BKY;
				INFOPLIST_FILE = FSST_Project_2k18/Info.plist;
				LD_RUNPATH_SEARCH_PATHS = "$(inherited) @executable_path/Frameworks";
				PRODUCT_BUNDLE_IDENTIFIER = "Peter.Schoeppl.FSST-Project-2k18";
				PRODUCT_NAME = "$(TARGET_NAME)";
				SWIFT_OBJC_BRIDGING_HEADER = FSST_Project_2k18/ShaderTypes.h;
				SWIFT_VERSION = 4.0;
				TARGETED_DEVICE_FAMILY = "1,2";
			};
			name = Debug;
		};
		1A8B868C20873E47001C8DA4 /* Release */ = {
			isa = XCBuildConfiguration;
			buildSettings = {
				ASSETCATALOG_COMPILER_APPICON_NAME = AppIcon;
				CODE_SIGN_STYLE = Automatic;
				DEVELOPMENT_TEAM = CK7XS52BKY;
				INFOPLIST_FILE = FSST_Project_2k18/Info.plist;
				LD_RUNPATH_SEARCH_PATHS = "$(inherited) @executable_path/Frameworks";
				PRODUCT_BUNDLE_IDENTIFIER = "Peter.Schoeppl.FSST-Project-2k18";
				PRODUCT_NAME = "$(TARGET_NAME)";
				SWIFT_OBJC_BRIDGING_HEADER = FSST_Project_2k18/ShaderTypes.h;
				SWIFT_VERSION = 4.0;
				TARGETED_DEVICE_FAMILY = "1,2";
			};
			name = Release;
		};
		1A8B868E20873E47001C8DA4 /* Debug */ = {
			isa = XCBuildConfiguration;
			buildSettings = {
				ALWAYS_EMBED_SWIFT_STANDARD_LIBRARIES = YES;
				BUNDLE_LOADER = "$(TEST_HOST)";
				CODE_SIGN_STYLE = Automatic;
				DEVELOPMENT_TEAM = CK7XS52BKY;
				INFOPLIST_FILE = FSST_Project_2k18Tests/Info.plist;
				LD_RUNPATH_SEARCH_PATHS = "$(inherited) @executable_path/Frameworks @loader_path/Frameworks";
				PRODUCT_BUNDLE_IDENTIFIER = "Peter.Schoeppl.FSST-Project-2k18Tests";
				PRODUCT_NAME = "$(TARGET_NAME)";
				SWIFT_VERSION = 4.0;
				TARGETED_DEVICE_FAMILY = "1,2";
				TEST_HOST = "$(BUILT_PRODUCTS_DIR)/FSST_Project_2k18.app/FSST_Project_2k18";
			};
			name = Debug;
		};
		1A8B868F20873E47001C8DA4 /* Release */ = {
			isa = XCBuildConfiguration;
			buildSettings = {
				ALWAYS_EMBED_SWIFT_STANDARD_LIBRARIES = YES;
				BUNDLE_LOADER = "$(TEST_HOST)";
				CODE_SIGN_STYLE = Automatic;
				DEVELOPMENT_TEAM = CK7XS52BKY;
				INFOPLIST_FILE = FSST_Project_2k18Tests/Info.plist;
				LD_RUNPATH_SEARCH_PATHS = "$(inherited) @executable_path/Frameworks @loader_path/Frameworks";
				PRODUCT_BUNDLE_IDENTIFIER = "Peter.Schoeppl.FSST-Project-2k18Tests";
				PRODUCT_NAME = "$(TARGET_NAME)";
				SWIFT_VERSION = 4.0;
				TARGETED_DEVICE_FAMILY = "1,2";
				TEST_HOST = "$(BUILT_PRODUCTS_DIR)/FSST_Project_2k18.app/FSST_Project_2k18";
			};
			name = Release;
		};
		1A8B869120873E47001C8DA4 /* Debug */ = {
			isa = XCBuildConfiguration;
			buildSettings = {
				ALWAYS_EMBED_SWIFT_STANDARD_LIBRARIES = YES;
				CODE_SIGN_STYLE = Automatic;
				DEVELOPMENT_TEAM = CK7XS52BKY;
				INFOPLIST_FILE = FSST_Project_2k18UITests/Info.plist;
				LD_RUNPATH_SEARCH_PATHS = "$(inherited) @executable_path/Frameworks @loader_path/Frameworks";
				PRODUCT_BUNDLE_IDENTIFIER = "Peter.Schoeppl.FSST-Project-2k18UITests";
				PRODUCT_NAME = "$(TARGET_NAME)";
				SWIFT_VERSION = 4.0;
				TARGETED_DEVICE_FAMILY = "1,2";
				TEST_TARGET_NAME = FSST_Project_2k18;
			};
			name = Debug;
		};
		1A8B869220873E47001C8DA4 /* Release */ = {
			isa = XCBuildConfiguration;
			buildSettings = {
				ALWAYS_EMBED_SWIFT_STANDARD_LIBRARIES = YES;
				CODE_SIGN_STYLE = Automatic;
				DEVELOPMENT_TEAM = CK7XS52BKY;
				INFOPLIST_FILE = FSST_Project_2k18UITests/Info.plist;
				LD_RUNPATH_SEARCH_PATHS = "$(inherited) @executable_path/Frameworks @loader_path/Frameworks";
				PRODUCT_BUNDLE_IDENTIFIER = "Peter.Schoeppl.FSST-Project-2k18UITests";
				PRODUCT_NAME = "$(TARGET_NAME)";
				SWIFT_VERSION = 4.0;
				TARGETED_DEVICE_FAMILY = "1,2";
				TEST_TARGET_NAME = FSST_Project_2k18;
			};
			name = Release;
		};
/* End XCBuildConfiguration section */

/* Begin XCConfigurationList section */
		1A8B865820873E46001C8DA4 /* Build configuration list for PBXProject "FSST_Project_2k18" */ = {
			isa = XCConfigurationList;
			buildConfigurations = (
				1A8B868820873E47001C8DA4 /* Debug */,
				1A8B868920873E47001C8DA4 /* Release */,
			);
			defaultConfigurationIsVisible = 0;
			defaultConfigurationName = Release;
		};
		1A8B868A20873E47001C8DA4 /* Build configuration list for PBXNativeTarget "FSST_Project_2k18" */ = {
			isa = XCConfigurationList;
			buildConfigurations = (
				1A8B868B20873E47001C8DA4 /* Debug */,
				1A8B868C20873E47001C8DA4 /* Release */,
			);
			defaultConfigurationIsVisible = 0;
			defaultConfigurationName = Release;
		};
		1A8B868D20873E47001C8DA4 /* Build configuration list for PBXNativeTarget "FSST_Project_2k18Tests" */ = {
			isa = XCConfigurationList;
			buildConfigurations = (
				1A8B868E20873E47001C8DA4 /* Debug */,
				1A8B868F20873E47001C8DA4 /* Release */,
			);
			defaultConfigurationIsVisible = 0;
			defaultConfigurationName = Release;
		};
		1A8B869020873E47001C8DA4 /* Build configuration list for PBXNativeTarget "FSST_Project_2k18UITests" */ = {
			isa = XCConfigurationList;
			buildConfigurations = (
				1A8B869120873E47001C8DA4 /* Debug */,
				1A8B869220873E47001C8DA4 /* Release */,
			);
			defaultConfigurationIsVisible = 0;
			defaultConfigurationName = Release;
		};
/* End XCConfigurationList section */
	};
	rootObject = 1A8B865520873E46001C8DA4 /* Project object */;
}
